
Microsoft Visual Studio Solution File, Format Version 12.00
# Visual Studio Version 16
VisualStudioVersion = 16.0.30804.86
MinimumVisualStudioVersion = 10.0.40219.1
Project("{FAE04EC0-301F-11D3-BF4B-00C04F79EFBC}") = "OCR_v2", "OCR_v2\OCR_v2.csproj", "{B3F98610-88C4-4955-9831-CEF2D6AD121E}"
EndProject
Global
	GlobalSection(SolutionConfigurationPlatforms) = preSolution
		Debug|Any CPU = Debug|Any CPU
		Release|Any CPU = Release|Any CPU
	EndGlobalSection
	GlobalSection(ProjectConfigurationPlatforms) = postSolution
		{B3F98610-88C4-4955-9831-CEF2D6AD121E}.Debug|Any CPU.ActiveCfg = Debug|Any CPU
		{B3F98610-88C4-4955-9831-CEF2D6AD121E}.Debug|Any CPU.Build.0 = Debug|Any CPU
		{B3F98610-88C4-4955-9831-CEF2D6AD121E}.Release|Any CPU.ActiveCfg = Release|Any CPU
		{B3F98610-88C4-4955-9831-CEF2D6AD121E}.Release|Any CPU.Build.0 = Release|Any CPU
	EndGlobalSection
	GlobalSection(SolutionProperties) = preSolution
		HideSolutionNode = FALSE
	EndGlobalSection
	GlobalSection(ExtensibilityGlobals) = postSolution
		SolutionGuid = {4C0155D3-06E7-45EE-AC66-BA8881D4262A}
	EndGlobalSection
EndGlobal
